
Microsoft Visual Studio Solution File, Format Version 12.00
# Visual Studio 15
VisualStudioVersion = 15.0.28307.1062
MinimumVisualStudioVersion = 10.0.40219.1
Project("{FAE04EC0-301F-11D3-BF4B-00C04F79EFBC}") = "TestDrive.Android", "TestDrive\TestDrive.Android\TestDrive.Android.csproj", "{7660DD85-4094-41B1-BD0B-D19787300D63}"
EndProject
Project("{FAE04EC0-301F-11D3-BF4B-00C04F79EFBC}") = "TestDrive.iOS", "TestDrive\TestDrive.iOS\TestDrive.iOS.csproj", "{511CBAF2-B561-4F85-8532-8E5E415DC366}"
EndProject
Project("{FAE04EC0-301F-11D3-BF4B-00C04F79EFBC}") = "TestDrive.UWP", "TestDrive\TestDrive.UWP\TestDrive.UWP.csproj", "{028C7CA1-6E50-4896-AEFD-238EFC3BC2FF}"
EndProject
Project("{FAE04EC0-301F-11D3-BF4B-00C04F79EFBC}") = "TestDrive", "TestDrive\TestDrive\TestDrive.csproj", "{B6779E90-96DC-4C08-B29E-AD0651DCDAF0}"
EndProject
Global
	GlobalSection(SolutionConfigurationPlatforms) = preSolution
		Ad-Hoc|Any CPU = Ad-Hoc|Any CPU
		Ad-Hoc|ARM = Ad-Hoc|ARM
		Ad-Hoc|iPhone = Ad-Hoc|iPhone
		Ad-Hoc|iPhoneSimulator = Ad-Hoc|iPhoneSimulator
		Ad-Hoc|x64 = Ad-Hoc|x64
		Ad-Hoc|x86 = Ad-Hoc|x86
		AppStore|Any CPU = AppStore|Any CPU
		AppStore|ARM = AppStore|ARM
		AppStore|iPhone = AppStore|iPhone
		AppStore|iPhoneSimulator = AppStore|iPhoneSimulator
		AppStore|x64 = AppStore|x64
		AppStore|x86 = AppStore|x86
		Debug|Any CPU = Debug|Any CPU
		Debug|ARM = Debug|ARM
		Debug|iPhone = Debug|iPhone
		Debug|iPhoneSimulator = Debug|iPhoneSimulator
		Debug|x64 = Debug|x64
		Debug|x86 = Debug|x86
		Release|Any CPU = Release|Any CPU
		Release|ARM = Release|ARM
		Release|iPhone = Release|iPhone
		Release|iPhoneSimulator = Release|iPhoneSimulator
		Release|x64 = Release|x64
		Release|x86 = Release|x86
	EndGlobalSection
	GlobalSection(ProjectConfigurationPlatforms) = postSolution
		{7660DD85-4094-41B1-BD0B-D19787300D63}.Ad-Hoc|Any CPU.ActiveCfg = Release|Any CPU
		{7660DD85-4094-41B1-BD0B-D19787300D63}.Ad-Hoc|Any CPU.Build.0 = Release|Any CPU
		{7660DD85-4094-41B1-BD0B-D19787300D63}.Ad-Hoc|Any CPU.Deploy.0 = Release|Any CPU
		{7660DD85-4094-41B1-BD0B-D19787300D63}.Ad-Hoc|ARM.ActiveCfg = Release|Any CPU
		{7660DD85-4094-41B1-BD0B-D19787300D63}.Ad-Hoc|ARM.Build.0 = Release|Any CPU
		{7660DD85-4094-41B1-BD0B-D19787300D63}.Ad-Hoc|ARM.Deploy.0 = Release|Any CPU
		{7660DD85-4094-41B1-BD0B-D19787300D63}.Ad-Hoc|iPhone.ActiveCfg = Release|Any CPU
		{7660DD85-4094-41B1-BD0B-D19787300D63}.Ad-Hoc|iPhone.Build.0 = Release|Any CPU
		{7660DD85-4094-41B1-BD0B-D19787300D63}.Ad-Hoc|iPhone.Deploy.0 = Release|Any CPU
		{7660DD85-4094-41B1-BD0B-D19787300D63}.Ad-Hoc|iPhoneSimulator.ActiveCfg = Release|Any CPU
		{7660DD85-4094-41B1-BD0B-D19787300D63}.Ad-Hoc|iPhoneSimulator.Build.0 = Release|Any CPU
		{7660DD85-4094-41B1-BD0B-D19787300D63}.Ad-Hoc|iPhoneSimulator.Deploy.0 = Release|Any CPU
		{7660DD85-4094-41B1-BD0B-D19787300D63}.Ad-Hoc|x64.ActiveCfg = Release|Any CPU
		{7660DD85-4094-41B1-BD0B-D19787300D63}.Ad-Hoc|x64.Build.0 = Release|Any CPU
		{7660DD85-4094-41B1-BD0B-D19787300D63}.Ad-Hoc|x64.Deploy.0 = Release|Any CPU
		{7660DD85-4094-41B1-BD0B-D19787300D63}.Ad-Hoc|x86.ActiveCfg = Release|Any CPU
		{7660DD85-4094-41B1-BD0B-D19787300D63}.Ad-Hoc|x86.Build.0 = Release|Any CPU
		{7660DD85-4094-41B1-BD0B-D19787300D63}.Ad-Hoc|x86.Deploy.0 = Release|Any CPU
		{7660DD85-4094-41B1-BD0B-D19787300D63}.AppStore|Any CPU.ActiveCfg = Release|Any CPU
		{7660DD85-4094-41B1-BD0B-D19787300D63}.AppStore|Any CPU.Build.0 = Release|Any CPU
		{7660DD85-4094-41B1-BD0B-D19787300D63}.AppStore|Any CPU.Deploy.0 = Release|Any CPU
		{7660DD85-4094-41B1-BD0B-D19787300D63}.AppStore|ARM.ActiveCfg = Release|Any CPU
		{7660DD85-4094-41B1-BD0B-D19787300D63}.AppStore|ARM.Build.0 = Release|Any CPU
		{7660DD85-4094-41B1-BD0B-D19787300D63}.AppStore|ARM.Deploy.0 = Release|Any CPU
		{7660DD85-4094-41B1-BD0B-D19787300D63}.AppStore|iPhone.ActiveCfg = Release|Any CPU
		{7660DD85-4094-41B1-BD0B-D19787300D63}.AppStore|iPhone.Build.0 = Release|Any CPU
		{7660DD85-4094-41B1-BD0B-D19787300D63}.AppStore|iPhone.Deploy.0 = Release|Any CPU
		{7660DD85-4094-41B1-BD0B-D19787300D63}.AppStore|iPhoneSimulator.ActiveCfg = Release|Any CPU
		{7660DD85-4094-41B1-BD0B-D19787300D63}.AppStore|iPhoneSimulator.Build.0 = Release|Any CPU
		{7660DD85-4094-41B1-BD0B-D19787300D63}.AppStore|iPhoneSimulator.Deploy.0 = Release|Any CPU
		{7660DD85-4094-41B1-BD0B-D19787300D63}.AppStore|x64.ActiveCfg = Release|Any CPU
		{7660DD85-4094-41B1-BD0B-D19787300D63}.AppStore|x64.Build.0 = Release|Any CPU
		{7660DD85-4094-41B1-BD0B-D19787300D63}.AppStore|x64.Deploy.0 = Release|Any CPU
		{7660DD85-4094-41B1-BD0B-D19787300D63}.AppStore|x86.ActiveCfg = Release|Any CPU
		{7660DD85-4094-41B1-BD0B-D19787300D63}.AppStore|x86.Build.0 = Release|Any CPU
		{7660DD85-4094-41B1-BD0B-D19787300D63}.AppStore|x86.Deploy.0 = Release|Any CPU
		{7660DD85-4094-41B1-BD0B-D19787300D63}.Debug|Any CPU.ActiveCfg = Debug|Any CPU
		{7660DD85-4094-41B1-BD0B-D19787300D63}.Debug|Any CPU.Build.0 = Debug|Any CPU
		{7660DD85-4094-41B1-BD0B-D19787300D63}.Debug|Any CPU.Deploy.0 = Debug|Any CPU
		{7660DD85-4094-41B1-BD0B-D19787300D63}.Debug|ARM.ActiveCfg = Debug|Any CPU
		{7660DD85-4094-41B1-BD0B-D19787300D63}.Debug|ARM.Build.0 = Debug|Any CPU
		{7660DD85-4094-41B1-BD0B-D19787300D63}.Debug|ARM.Deploy.0 = Debug|Any CPU
		{7660DD85-4094-41B1-BD0B-D19787300D63}.Debug|iPhone.ActiveCfg = Debug|Any CPU
		{7660DD85-4094-41B1-BD0B-D19787300D63}.Debug|iPhone.Build.0 = Debug|Any CPU
		{7660DD85-4094-41B1-BD0B-D19787300D63}.Debug|iPhone.Deploy.0 = Debug|Any CPU
		{7660DD85-4094-41B1-BD0B-D19787300D63}.Debug|iPhoneSimulator.ActiveCfg = Debug|Any CPU
		{7660DD85-4094-41B1-BD0B-D19787300D63}.Debug|iPhoneSimulator.Build.0 = Debug|Any CPU
		{7660DD85-4094-41B1-BD0B-D19787300D63}.Debug|iPhoneSimulator.Deploy.0 = Debug|Any CPU
		{7660DD85-4094-41B1-BD0B-D19787300D63}.Debug|x64.ActiveCfg = Debug|Any CPU
		{7660DD85-4094-41B1-BD0B-D19787300D63}.Debug|x64.Build.0 = Debug|Any CPU
		{7660DD85-4094-41B1-BD0B-D19787300D63}.Debug|x64.Deploy.0 = Debug|Any CPU
		{7660DD85-4094-41B1-BD0B-D19787300D63}.Debug|x86.ActiveCfg = Debug|Any CPU
		{7660DD85-4094-41B1-BD0B-D19787300D63}.Debug|x86.Build.0 = Debug|Any CPU
		{7660DD85-4094-41B1-BD0B-D19787300D63}.Debug|x86.Deploy.0 = Debug|Any CPU
		{7660DD85-4094-41B1-BD0B-D19787300D63}.Release|Any CPU.ActiveCfg = Release|Any CPU
		{7660DD85-4094-41B1-BD0B-D19787300D63}.Release|Any CPU.Build.0 = Release|Any CPU
		{7660DD85-4094-41B1-BD0B-D19787300D63}.Release|Any CPU.Deploy.0 = Release|Any CPU
		{7660DD85-4094-41B1-BD0B-D19787300D63}.Release|ARM.ActiveCfg = Release|Any CPU
		{7660DD85-4094-41B1-BD0B-D19787300D63}.Release|ARM.Build.0 = Release|Any CPU
		{7660DD85-4094-41B1-BD0B-D19787300D63}.Release|ARM.Deploy.0 = Release|Any CPU
		{7660DD85-4094-41B1-BD0B-D19787300D63}.Release|iPhone.ActiveCfg = Release|Any CPU
		{7660DD85-4094-41B1-BD0B-D19787300D63}.Release|iPhone.Build.0 = Release|Any CPU
		{7660DD85-4094-41B1-BD0B-D19787300D63}.Release|iPhone.Deploy.0 = Release|Any CPU
		{7660DD85-4094-41B1-BD0B-D19787300D63}.Release|iPhoneSimulator.ActiveCfg = Release|Any CPU
		{7660DD85-4094-41B1-BD0B-D19787300D63}.Release|iPhoneSimulator.Build.0 = Release|Any CPU
		{7660DD85-4094-41B1-BD0B-D19787300D63}.Release|iPhoneSimulator.Deploy.0 = Release|Any CPU
		{7660DD85-4094-41B1-BD0B-D19787300D63}.Release|x64.ActiveCfg = Release|Any CPU
		{7660DD85-4094-41B1-BD0B-D19787300D63}.Release|x64.Build.0 = Release|Any CPU
		{7660DD85-4094-41B1-BD0B-D19787300D63}.Release|x64.Deploy.0 = Release|Any CPU
		{7660DD85-4094-41B1-BD0B-D19787300D63}.Release|x86.ActiveCfg = Release|Any CPU
		{7660DD85-4094-41B1-BD0B-D19787300D63}.Release|x86.Build.0 = Release|Any CPU
		{7660DD85-4094-41B1-BD0B-D19787300D63}.Release|x86.Deploy.0 = Release|Any CPU
		{511CBAF2-B561-4F85-8532-8E5E415DC366}.Ad-Hoc|Any CPU.ActiveCfg = Ad-Hoc|iPhone
		{511CBAF2-B561-4F85-8532-8E5E415DC366}.Ad-Hoc|Any CPU.Build.0 = Ad-Hoc|iPhone
		{511CBAF2-B561-4F85-8532-8E5E415DC366}.Ad-Hoc|Any CPU.Deploy.0 = Ad-Hoc|iPhone
		{511CBAF2-B561-4F85-8532-8E5E415DC366}.Ad-Hoc|ARM.ActiveCfg = Ad-Hoc|iPhone
		{511CBAF2-B561-4F85-8532-8E5E415DC366}.Ad-Hoc|ARM.Build.0 = Ad-Hoc|iPhone
		{511CBAF2-B561-4F85-8532-8E5E415DC366}.Ad-Hoc|ARM.Deploy.0 = Ad-Hoc|iPhone
		{511CBAF2-B561-4F85-8532-8E5E415DC366}.Ad-Hoc|iPhone.ActiveCfg = Ad-Hoc|iPhone
		{511CBAF2-B561-4F85-8532-8E5E415DC366}.Ad-Hoc|iPhone.Build.0 = Ad-Hoc|iPhone
		{511CBAF2-B561-4F85-8532-8E5E415DC366}.Ad-Hoc|iPhone.Deploy.0 = Ad-Hoc|iPhone
		{511CBAF2-B561-4F85-8532-8E5E415DC366}.Ad-Hoc|iPhoneSimulator.ActiveCfg = Ad-Hoc|iPhoneSimulator
		{511CBAF2-B561-4F85-8532-8E5E415DC366}.Ad-Hoc|iPhoneSimulator.Build.0 = Ad-Hoc|iPhoneSimulator
		{511CBAF2-B561-4F85-8532-8E5E415DC366}.Ad-Hoc|iPhoneSimulator.Deploy.0 = Ad-Hoc|iPhoneSimulator
		{511CBAF2-B561-4F85-8532-8E5E415DC366}.Ad-Hoc|x64.ActiveCfg = Ad-Hoc|iPhone
		{511CBAF2-B561-4F85-8532-8E5E415DC366}.Ad-Hoc|x64.Build.0 = Ad-Hoc|iPhone
		{511CBAF2-B561-4F85-8532-8E5E415DC366}.Ad-Hoc|x64.Deploy.0 = Ad-Hoc|iPhone
		{511CBAF2-B561-4F85-8532-8E5E415DC366}.Ad-Hoc|x86.ActiveCfg = Ad-Hoc|iPhone
		{511CBAF2-B561-4F85-8532-8E5E415DC366}.Ad-Hoc|x86.Build.0 = Ad-Hoc|iPhone
		{511CBAF2-B561-4F85-8532-8E5E415DC366}.Ad-Hoc|x86.Deploy.0 = Ad-Hoc|iPhone
		{511CBAF2-B561-4F85-8532-8E5E415DC366}.AppStore|Any CPU.ActiveCfg = AppStore|iPhone
		{511CBAF2-B561-4F85-8532-8E5E415DC366}.AppStore|Any CPU.Build.0 = AppStore|iPhone
		{511CBAF2-B561-4F85-8532-8E5E415DC366}.AppStore|Any CPU.Deploy.0 = AppStore|iPhone
		{511CBAF2-B561-4F85-8532-8E5E415DC366}.AppStore|ARM.ActiveCfg = AppStore|iPhone
		{511CBAF2-B561-4F85-8532-8E5E415DC366}.AppStore|ARM.Build.0 = AppStore|iPhone
		{511CBAF2-B561-4F85-8532-8E5E415DC366}.AppStore|ARM.Deploy.0 = AppStore|iPhone
		{511CBAF2-B561-4F85-8532-8E5E415DC366}.AppStore|iPhone.ActiveCfg = AppStore|iPhone
		{511CBAF2-B561-4F85-8532-8E5E415DC366}.AppStore|iPhone.Build.0 = AppStore|iPhone
		{511CBAF2-B561-4F85-8532-8E5E415DC366}.AppStore|iPhone.Deploy.0 = AppStore|iPhone
		{511CBAF2-B561-4F85-8532-8E5E415DC366}.AppStore|iPhoneSimulator.ActiveCfg = AppStore|iPhoneSimulator
		{511CBAF2-B561-4F85-8532-8E5E415DC366}.AppStore|iPhoneSimulator.Build.0 = AppStore|iPhoneSimulator
		{511CBAF2-B561-4F85-8532-8E5E415DC366}.AppStore|iPhoneSimulator.Deploy.0 = AppStore|iPhoneSimulator
		{511CBAF2-B561-4F85-8532-8E5E415DC366}.AppStore|x64.ActiveCfg = AppStore|iPhone
		{511CBAF2-B561-4F85-8532-8E5E415DC366}.AppStore|x64.Build.0 = AppStore|iPhone
		{511CBAF2-B561-4F85-8532-8E5E415DC366}.AppStore|x64.Deploy.0 = AppStore|iPhone
		{511CBAF2-B561-4F85-8532-8E5E415DC366}.AppStore|x86.ActiveCfg = AppStore|iPhone
		{511CBAF2-B561-4F85-8532-8E5E415DC366}.AppStore|x86.Build.0 = AppStore|iPhone
		{511CBAF2-B561-4F85-8532-8E5E415DC366}.AppStore|x86.Deploy.0 = AppStore|iPhone
		{511CBAF2-B561-4F85-8532-8E5E415DC366}.Debug|Any CPU.ActiveCfg = Debug|iPhoneSimulator
		{511CBAF2-B561-4F85-8532-8E5E415DC366}.Debug|Any CPU.Build.0 = Debug|iPhoneSimulator
		{511CBAF2-B561-4F85-8532-8E5E415DC366}.Debug|Any CPU.Deploy.0 = Debug|iPhoneSimulator
		{511CBAF2-B561-4F85-8532-8E5E415DC366}.Debug|ARM.ActiveCfg = Debug|iPhone
		{511CBAF2-B561-4F85-8532-8E5E415DC366}.Debug|ARM.Build.0 = Debug|iPhone
		{511CBAF2-B561-4F85-8532-8E5E415DC366}.Debug|ARM.Deploy.0 = Debug|iPhone
		{511CBAF2-B561-4F85-8532-8E5E415DC366}.Debug|iPhone.ActiveCfg = Debug|iPhone
		{511CBAF2-B561-4F85-8532-8E5E415DC366}.Debug|iPhone.Build.0 = Debug|iPhone
		{511CBAF2-B561-4F85-8532-8E5E415DC366}.Debug|iPhone.Deploy.0 = Debug|iPhone
		{511CBAF2-B561-4F85-8532-8E5E415DC366}.Debug|iPhoneSimulator.ActiveCfg = Debug|iPhoneSimulator
		{511CBAF2-B561-4F85-8532-8E5E415DC366}.Debug|iPhoneSimulator.Build.0 = Debug|iPhoneSimulator
		{511CBAF2-B561-4F85-8532-8E5E415DC366}.Debug|iPhoneSimulator.Deploy.0 = Debug|iPhoneSimulator
		{511CBAF2-B561-4F85-8532-8E5E415DC366}.Debug|x64.ActiveCfg = Debug|iPhone
		{511CBAF2-B561-4F85-8532-8E5E415DC366}.Debug|x64.Build.0 = Debug|iPhone
		{511CBAF2-B561-4F85-8532-8E5E415DC366}.Debug|x64.Deploy.0 = Debug|iPhone
		{511CBAF2-B561-4F85-8532-8E5E415DC366}.Debug|x86.ActiveCfg = Debug|iPhone
		{511CBAF2-B561-4F85-8532-8E5E415DC366}.Debug|x86.Build.0 = Debug|iPhone
		{511CBAF2-B561-4F85-8532-8E5E415DC366}.Debug|x86.Deploy.0 = Debug|iPhone
		{511CBAF2-B561-4F85-8532-8E5E415DC366}.Release|Any CPU.ActiveCfg = Release|iPhone
		{511CBAF2-B561-4F85-8532-8E5E415DC366}.Release|Any CPU.Build.0 = Release|iPhone
		{511CBAF2-B561-4F85-8532-8E5E415DC366}.Release|Any CPU.Deploy.0 = Release|iPhone
		{511CBAF2-B561-4F85-8532-8E5E415DC366}.Release|ARM.ActiveCfg = Release|iPhone
		{511CBAF2-B561-4F85-8532-8E5E415DC366}.Release|ARM.Build.0 = Release|iPhone
		{511CBAF2-B561-4F85-8532-8E5E415DC366}.Release|ARM.Deploy.0 = Release|iPhone
		{511CBAF2-B561-4F85-8532-8E5E415DC366}.Release|iPhone.ActiveCfg = Release|iPhone
		{511CBAF2-B561-4F85-8532-8E5E415DC366}.Release|iPhone.Build.0 = Release|iPhone
		{511CBAF2-B561-4F85-8532-8E5E415DC366}.Release|iPhone.Deploy.0 = Release|iPhone
		{511CBAF2-B561-4F85-8532-8E5E415DC366}.Release|iPhoneSimulator.ActiveCfg = Release|iPhoneSimulator
		{511CBAF2-B561-4F85-8532-8E5E415DC366}.Release|iPhoneSimulator.Build.0 = Release|iPhoneSimulator
		{511CBAF2-B561-4F85-8532-8E5E415DC366}.Release|iPhoneSimulator.Deploy.0 = Release|iPhoneSimulator
		{511CBAF2-B561-4F85-8532-8E5E415DC366}.Release|x64.ActiveCfg = Release|iPhone
		{511CBAF2-B561-4F85-8532-8E5E415DC366}.Release|x64.Build.0 = Release|iPhone
		{511CBAF2-B561-4F85-8532-8E5E415DC366}.Release|x64.Deploy.0 = Release|iPhone
		{511CBAF2-B561-4F85-8532-8E5E415DC366}.Release|x86.ActiveCfg = Release|iPhone
		{511CBAF2-B561-4F85-8532-8E5E415DC366}.Release|x86.Build.0 = Release|iPhone
		{511CBAF2-B561-4F85-8532-8E5E415DC366}.Release|x86.Deploy.0 = Release|iPhone
		{028C7CA1-6E50-4896-AEFD-238EFC3BC2FF}.Ad-Hoc|Any CPU.ActiveCfg = Release|x86
		{028C7CA1-6E50-4896-AEFD-238EFC3BC2FF}.Ad-Hoc|Any CPU.Build.0 = Release|x86
		{028C7CA1-6E50-4896-AEFD-238EFC3BC2FF}.Ad-Hoc|Any CPU.Deploy.0 = Release|x86
		{028C7CA1-6E50-4896-AEFD-238EFC3BC2FF}.Ad-Hoc|ARM.ActiveCfg = Release|ARM
		{028C7CA1-6E50-4896-AEFD-238EFC3BC2FF}.Ad-Hoc|ARM.Build.0 = Release|ARM
		{028C7CA1-6E50-4896-AEFD-238EFC3BC2FF}.Ad-Hoc|ARM.Deploy.0 = Release|ARM
		{028C7CA1-6E50-4896-AEFD-238EFC3BC2FF}.Ad-Hoc|iPhone.ActiveCfg = Release|x86
		{028C7CA1-6E50-4896-AEFD-238EFC3BC2FF}.Ad-Hoc|iPhone.Build.0 = Release|x86
		{028C7CA1-6E50-4896-AEFD-238EFC3BC2FF}.Ad-Hoc|iPhone.Deploy.0 = Release|x86
		{028C7CA1-6E50-4896-AEFD-238EFC3BC2FF}.Ad-Hoc|iPhoneSimulator.ActiveCfg = Release|x86
		{028C7CA1-6E50-4896-AEFD-238EFC3BC2FF}.Ad-Hoc|iPhoneSimulator.Build.0 = Release|x86
		{028C7CA1-6E50-4896-AEFD-238EFC3BC2FF}.Ad-Hoc|iPhoneSimulator.Deploy.0 = Release|x86
		{028C7CA1-6E50-4896-AEFD-238EFC3BC2FF}.Ad-Hoc|x64.ActiveCfg = Release|x64
		{028C7CA1-6E50-4896-AEFD-238EFC3BC2FF}.Ad-Hoc|x64.Build.0 = Release|x64
		{028C7CA1-6E50-4896-AEFD-238EFC3BC2FF}.Ad-Hoc|x64.Deploy.0 = Release|x64
		{028C7CA1-6E50-4896-AEFD-238EFC3BC2FF}.Ad-Hoc|x86.ActiveCfg = Release|x86
		{028C7CA1-6E50-4896-AEFD-238EFC3BC2FF}.Ad-Hoc|x86.Build.0 = Release|x86
		{028C7CA1-6E50-4896-AEFD-238EFC3BC2FF}.Ad-Hoc|x86.Deploy.0 = Release|x86
		{028C7CA1-6E50-4896-AEFD-238EFC3BC2FF}.AppStore|Any CPU.ActiveCfg = Release|x86
		{028C7CA1-6E50-4896-AEFD-238EFC3BC2FF}.AppStore|Any CPU.Build.0 = Release|x86
		{028C7CA1-6E50-4896-AEFD-238EFC3BC2FF}.AppStore|Any CPU.Deploy.0 = Release|x86
		{028C7CA1-6E50-4896-AEFD-238EFC3BC2FF}.AppStore|ARM.ActiveCfg = Release|ARM
		{028C7CA1-6E50-4896-AEFD-238EFC3BC2FF}.AppStore|ARM.Build.0 = Release|ARM
		{028C7CA1-6E50-4896-AEFD-238EFC3BC2FF}.AppStore|ARM.Deploy.0 = Release|ARM
		{028C7CA1-6E50-4896-AEFD-238EFC3BC2FF}.AppStore|iPhone.ActiveCfg = Release|x86
		{028C7CA1-6E50-4896-AEFD-238EFC3BC2FF}.AppStore|iPhone.Build.0 = Release|x86
		{028C7CA1-6E50-4896-AEFD-238EFC3BC2FF}.AppStore|iPhone.Deploy.0 = Release|x86
		{028C7CA1-6E50-4896-AEFD-238EFC3BC2FF}.AppStore|iPhoneSimulator.ActiveCfg = Release|x86
		{028C7CA1-6E50-4896-AEFD-238EFC3BC2FF}.AppStore|iPhoneSimulator.Build.0 = Release|x86
		{028C7CA1-6E50-4896-AEFD-238EFC3BC2FF}.AppStore|iPhoneSimulator.Deploy.0 = Release|x86
		{028C7CA1-6E50-4896-AEFD-238EFC3BC2FF}.AppStore|x64.ActiveCfg = Release|x64
		{028C7CA1-6E50-4896-AEFD-238EFC3BC2FF}.AppStore|x64.Build.0 = Release|x64
		{028C7CA1-6E50-4896-AEFD-238EFC3BC2FF}.AppStore|x64.Deploy.0 = Release|x64
		{028C7CA1-6E50-4896-AEFD-238EFC3BC2FF}.AppStore|x86.ActiveCfg = Release|x86
		{028C7CA1-6E50-4896-AEFD-238EFC3BC2FF}.AppStore|x86.Build.0 = Release|x86
		{028C7CA1-6E50-4896-AEFD-238EFC3BC2FF}.AppStore|x86.Deploy.0 = Release|x86
		{028C7CA1-6E50-4896-AEFD-238EFC3BC2FF}.Debug|Any CPU.ActiveCfg = Debug|x86
		{028C7CA1-6E50-4896-AEFD-238EFC3BC2FF}.Debug|Any CPU.Build.0 = Debug|x86
		{028C7CA1-6E50-4896-AEFD-238EFC3BC2FF}.Debug|Any CPU.Deploy.0 = Debug|x86
		{028C7CA1-6E50-4896-AEFD-238EFC3BC2FF}.Debug|ARM.ActiveCfg = Debug|ARM
		{028C7CA1-6E50-4896-AEFD-238EFC3BC2FF}.Debug|ARM.Build.0 = Debug|ARM
		{028C7CA1-6E50-4896-AEFD-238EFC3BC2FF}.Debug|ARM.Deploy.0 = Debug|ARM
		{028C7CA1-6E50-4896-AEFD-238EFC3BC2FF}.Debug|iPhone.ActiveCfg = Debug|x86
		{028C7CA1-6E50-4896-AEFD-238EFC3BC2FF}.Debug|iPhone.Build.0 = Debug|x86
		{028C7CA1-6E50-4896-AEFD-238EFC3BC2FF}.Debug|iPhone.Deploy.0 = Debug|x86
		{028C7CA1-6E50-4896-AEFD-238EFC3BC2FF}.Debug|iPhoneSimulator.ActiveCfg = Debug|x86
		{028C7CA1-6E50-4896-AEFD-238EFC3BC2FF}.Debug|iPhoneSimulator.Build.0 = Debug|x86
		{028C7CA1-6E50-4896-AEFD-238EFC3BC2FF}.Debug|iPhoneSimulator.Deploy.0 = Debug|x86
		{028C7CA1-6E50-4896-AEFD-238EFC3BC2FF}.Debug|x64.ActiveCfg = Debug|x64
		{028C7CA1-6E50-4896-AEFD-238EFC3BC2FF}.Debug|x64.Build.0 = Debug|x64
		{028C7CA1-6E50-4896-AEFD-238EFC3BC2FF}.Debug|x64.Deploy.0 = Debug|x64
		{028C7CA1-6E50-4896-AEFD-238EFC3BC2FF}.Debug|x86.ActiveCfg = Debug|x86
		{028C7CA1-6E50-4896-AEFD-238EFC3BC2FF}.Debug|x86.Build.0 = Debug|x86
		{028C7CA1-6E50-4896-AEFD-238EFC3BC2FF}.Debug|x86.Deploy.0 = Debug|x86
		{028C7CA1-6E50-4896-AEFD-238EFC3BC2FF}.Release|Any CPU.ActiveCfg = Release|x86
		{028C7CA1-6E50-4896-AEFD-238EFC3BC2FF}.Release|Any CPU.Build.0 = Release|x86
		{028C7CA1-6E50-4896-AEFD-238EFC3BC2FF}.Release|Any CPU.Deploy.0 = Release|x86
		{028C7CA1-6E50-4896-AEFD-238EFC3BC2FF}.Release|ARM.ActiveCfg = Release|ARM
		{028C7CA1-6E50-4896-AEFD-238EFC3BC2FF}.Release|ARM.Build.0 = Release|ARM
		{028C7CA1-6E50-4896-AEFD-238EFC3BC2FF}.Release|ARM.Deploy.0 = Release|ARM
		{028C7CA1-6E50-4896-AEFD-238EFC3BC2FF}.Release|iPhone.ActiveCfg = Release|x86
		{028C7CA1-6E50-4896-AEFD-238EFC3BC2FF}.Release|iPhone.Build.0 = Release|x86
		{028C7CA1-6E50-4896-AEFD-238EFC3BC2FF}.Release|iPhone.Deploy.0 = Release|x86
		{028C7CA1-6E50-4896-AEFD-238EFC3BC2FF}.Release|iPhoneSimulator.ActiveCfg = Release|x86
		{028C7CA1-6E50-4896-AEFD-238EFC3BC2FF}.Release|iPhoneSimulator.Build.0 = Release|x86
		{028C7CA1-6E50-4896-AEFD-238EFC3BC2FF}.Release|iPhoneSimulator.Deploy.0 = Release|x86
		{028C7CA1-6E50-4896-AEFD-238EFC3BC2FF}.Release|x64.ActiveCfg = Release|x64
		{028C7CA1-6E50-4896-AEFD-238EFC3BC2FF}.Release|x64.Build.0 = Release|x64
		{028C7CA1-6E50-4896-AEFD-238EFC3BC2FF}.Release|x64.Deploy.0 = Release|x64
		{028C7CA1-6E50-4896-AEFD-238EFC3BC2FF}.Release|x86.ActiveCfg = Release|x86
		{028C7CA1-6E50-4896-AEFD-238EFC3BC2FF}.Release|x86.Build.0 = Release|x86
		{028C7CA1-6E50-4896-AEFD-238EFC3BC2FF}.Release|x86.Deploy.0 = Release|x86
		{B6779E90-96DC-4C08-B29E-AD0651DCDAF0}.Ad-Hoc|Any CPU.ActiveCfg = Debug|Any CPU
		{B6779E90-96DC-4C08-B29E-AD0651DCDAF0}.Ad-Hoc|Any CPU.Build.0 = Debug|Any CPU
		{B6779E90-96DC-4C08-B29E-AD0651DCDAF0}.Ad-Hoc|Any CPU.Deploy.0 = Debug|Any CPU
		{B6779E90-96DC-4C08-B29E-AD0651DCDAF0}.Ad-Hoc|ARM.ActiveCfg = Debug|Any CPU
		{B6779E90-96DC-4C08-B29E-AD0651DCDAF0}.Ad-Hoc|ARM.Build.0 = Debug|Any CPU
		{B6779E90-96DC-4C08-B29E-AD0651DCDAF0}.Ad-Hoc|ARM.Deploy.0 = Debug|Any CPU
		{B6779E90-96DC-4C08-B29E-AD0651DCDAF0}.Ad-Hoc|iPhone.ActiveCfg = Debug|Any CPU
		{B6779E90-96DC-4C08-B29E-AD0651DCDAF0}.Ad-Hoc|iPhone.Build.0 = Debug|Any CPU
		{B6779E90-96DC-4C08-B29E-AD0651DCDAF0}.Ad-Hoc|iPhone.Deploy.0 = Debug|Any CPU
		{B6779E90-96DC-4C08-B29E-AD0651DCDAF0}.Ad-Hoc|iPhoneSimulator.ActiveCfg = Debug|Any CPU
		{B6779E90-96DC-4C08-B29E-AD0651DCDAF0}.Ad-Hoc|iPhoneSimulator.Build.0 = Debug|Any CPU
		{B6779E90-96DC-4C08-B29E-AD0651DCDAF0}.Ad-Hoc|iPhoneSimulator.Deploy.0 = Debug|Any CPU
		{B6779E90-96DC-4C08-B29E-AD0651DCDAF0}.Ad-Hoc|x64.ActiveCfg = Debug|Any CPU
		{B6779E90-96DC-4C08-B29E-AD0651DCDAF0}.Ad-Hoc|x64.Build.0 = Debug|Any CPU
		{B6779E90-96DC-4C08-B29E-AD0651DCDAF0}.Ad-Hoc|x64.Deploy.0 = Debug|Any CPU
		{B6779E90-96DC-4C08-B29E-AD0651DCDAF0}.Ad-Hoc|x86.ActiveCfg = Debug|Any CPU
		{B6779E90-96DC-4C08-B29E-AD0651DCDAF0}.Ad-Hoc|x86.Build.0 = Debug|Any CPU
		{B6779E90-96DC-4C08-B29E-AD0651DCDAF0}.Ad-Hoc|x86.Deploy.0 = Debug|Any CPU
		{B6779E90-96DC-4C08-B29E-AD0651DCDAF0}.AppStore|Any CPU.ActiveCfg = Debug|Any CPU
		{B6779E90-96DC-4C08-B29E-AD0651DCDAF0}.AppStore|Any CPU.Build.0 = Debug|Any CPU
		{B6779E90-96DC-4C08-B29E-AD0651DCDAF0}.AppStore|Any CPU.Deploy.0 = Debug|Any CPU
		{B6779E90-96DC-4C08-B29E-AD0651DCDAF0}.AppStore|ARM.ActiveCfg = Debug|Any CPU
		{B6779E90-96DC-4C08-B29E-AD0651DCDAF0}.AppStore|ARM.Build.0 = Debug|Any CPU
		{B6779E90-96DC-4C08-B29E-AD0651DCDAF0}.AppStore|ARM.Deploy.0 = Debug|Any CPU
		{B6779E90-96DC-4C08-B29E-AD0651DCDAF0}.AppStore|iPhone.ActiveCfg = Debug|Any CPU
		{B6779E90-96DC-4C08-B29E-AD0651DCDAF0}.AppStore|iPhone.Build.0 = Debug|Any CPU
		{B6779E90-96DC-4C08-B29E-AD0651DCDAF0}.AppStore|iPhone.Deploy.0 = Debug|Any CPU
		{B6779E90-96DC-4C08-B29E-AD0651DCDAF0}.AppStore|iPhoneSimulator.ActiveCfg = Debug|Any CPU
		{B6779E90-96DC-4C08-B29E-AD0651DCDAF0}.AppStore|iPhoneSimulator.Build.0 = Debug|Any CPU
		{B6779E90-96DC-4C08-B29E-AD0651DCDAF0}.AppStore|iPhoneSimulator.Deploy.0 = Debug|Any CPU
		{B6779E90-96DC-4C08-B29E-AD0651DCDAF0}.AppStore|x64.ActiveCfg = Debug|Any CPU
		{B6779E90-96DC-4C08-B29E-AD0651DCDAF0}.AppStore|x64.Build.0 = Debug|Any CPU
		{B6779E90-96DC-4C08-B29E-AD0651DCDAF0}.AppStore|x64.Deploy.0 = Debug|Any CPU
		{B6779E90-96DC-4C08-B29E-AD0651DCDAF0}.AppStore|x86.ActiveCfg = Debug|Any CPU
		{B6779E90-96DC-4C08-B29E-AD0651DCDAF0}.AppStore|x86.Build.0 = Debug|Any CPU
		{B6779E90-96DC-4C08-B29E-AD0651DCDAF0}.AppStore|x86.Deploy.0 = Debug|Any CPU
		{B6779E90-96DC-4C08-B29E-AD0651DCDAF0}.Debug|Any CPU.ActiveCfg = Debug|Any CPU
		{B6779E90-96DC-4C08-B29E-AD0651DCDAF0}.Debug|Any CPU.Build.0 = Debug|Any CPU
		{B6779E90-96DC-4C08-B29E-AD0651DCDAF0}.Debug|Any CPU.Deploy.0 = Debug|Any CPU
		{B6779E90-96DC-4C08-B29E-AD0651DCDAF0}.Debug|ARM.ActiveCfg = Debug|Any CPU
		{B6779E90-96DC-4C08-B29E-AD0651DCDAF0}.Debug|ARM.Build.0 = Debug|Any CPU
		{B6779E90-96DC-4C08-B29E-AD0651DCDAF0}.Debug|ARM.Deploy.0 = Debug|Any CPU
		{B6779E90-96DC-4C08-B29E-AD0651DCDAF0}.Debug|iPhone.ActiveCfg = Debug|Any CPU
		{B6779E90-96DC-4C08-B29E-AD0651DCDAF0}.Debug|iPhone.Build.0 = Debug|Any CPU
		{B6779E90-96DC-4C08-B29E-AD0651DCDAF0}.Debug|iPhone.Deploy.0 = Debug|Any CPU
		{B6779E90-96DC-4C08-B29E-AD0651DCDAF0}.Debug|iPhoneSimulator.ActiveCfg = Debug|Any CPU
		{B6779E90-96DC-4C08-B29E-AD0651DCDAF0}.Debug|iPhoneSimulator.Build.0 = Debug|Any CPU
		{B6779E90-96DC-4C08-B29E-AD0651DCDAF0}.Debug|iPhoneSimulator.Deploy.0 = Debug|Any CPU
		{B6779E90-96DC-4C08-B29E-AD0651DCDAF0}.Debug|x64.ActiveCfg = Debug|Any CPU
		{B6779E90-96DC-4C08-B29E-AD0651DCDAF0}.Debug|x64.Build.0 = Debug|Any CPU
		{B6779E90-96DC-4C08-B29E-AD0651DCDAF0}.Debug|x64.Deploy.0 = Debug|Any CPU
		{B6779E90-96DC-4C08-B29E-AD0651DCDAF0}.Debug|x86.ActiveCfg = Debug|Any CPU
		{B6779E90-96DC-4C08-B29E-AD0651DCDAF0}.Debug|x86.Build.0 = Debug|Any CPU
		{B6779E90-96DC-4C08-B29E-AD0651DCDAF0}.Debug|x86.Deploy.0 = Debug|Any CPU
		{B6779E90-96DC-4C08-B29E-AD0651DCDAF0}.Release|Any CPU.ActiveCfg = Release|Any CPU
		{B6779E90-96DC-4C08-B29E-AD0651DCDAF0}.Release|Any CPU.Build.0 = Release|Any CPU
		{B6779E90-96DC-4C08-B29E-AD0651DCDAF0}.Release|Any CPU.Deploy.0 = Release|Any CPU
		{B6779E90-96DC-4C08-B29E-AD0651DCDAF0}.Release|ARM.ActiveCfg = Release|Any CPU
		{B6779E90-96DC-4C08-B29E-AD0651DCDAF0}.Release|ARM.Build.0 = Release|Any CPU
		{B6779E90-96DC-4C08-B29E-AD0651DCDAF0}.Release|ARM.Deploy.0 = Release|Any CPU
		{B6779E90-96DC-4C08-B29E-AD0651DCDAF0}.Release|iPhone.ActiveCfg = Release|Any CPU
		{B6779E90-96DC-4C08-B29E-AD0651DCDAF0}.Release|iPhone.Build.0 = Release|Any CPU
		{B6779E90-96DC-4C08-B29E-AD0651DCDAF0}.Release|iPhone.Deploy.0 = Release|Any CPU
		{B6779E90-96DC-4C08-B29E-AD0651DCDAF0}.Release|iPhoneSimulator.ActiveCfg = Release|Any CPU
		{B6779E90-96DC-4C08-B29E-AD0651DCDAF0}.Release|iPhoneSimulator.Build.0 = Release|Any CPU
		{B6779E90-96DC-4C08-B29E-AD0651DCDAF0}.Release|iPhoneSimulator.Deploy.0 = Release|Any CPU
		{B6779E90-96DC-4C08-B29E-AD0651DCDAF0}.Release|x64.ActiveCfg = Release|Any CPU
		{B6779E90-96DC-4C08-B29E-AD0651DCDAF0}.Release|x64.Build.0 = Release|Any CPU
		{B6779E90-96DC-4C08-B29E-AD0651DCDAF0}.Release|x64.Deploy.0 = Release|Any CPU
		{B6779E90-96DC-4C08-B29E-AD0651DCDAF0}.Release|x86.ActiveCfg = Release|Any CPU
		{B6779E90-96DC-4C08-B29E-AD0651DCDAF0}.Release|x86.Build.0 = Release|Any CPU
		{B6779E90-96DC-4C08-B29E-AD0651DCDAF0}.Release|x86.Deploy.0 = Release|Any CPU
	EndGlobalSection
	GlobalSection(SolutionProperties) = preSolution
		HideSolutionNode = FALSE
	EndGlobalSection
	GlobalSection(ExtensibilityGlobals) = postSolution
		SolutionGuid = {476C7E3B-2568-4F07-91D9-1B098F063F35}
	EndGlobalSection
EndGlobal
